// !$*UTF8*$!
{
	archiveVersion = 1;
	classes = {
	};
	objectVersion = 50;
	objects = {

/* Begin PBXBuildFile section */
		8CE5AE9321DCC763DA64FA21 /* Pods_CollectionViewPractice.framework in Frameworks */ = {isa = PBXBuildFile; fileRef = 0CCF2BE199D3A6B985150EAE /* Pods_CollectionViewPractice.framework */; };
		A4286F0421D20722005E515C /* CollectionBaseTableViewCell.swift in Sources */ = {isa = PBXBuildFile; fileRef = A4286F0221D20722005E515C /* CollectionBaseTableViewCell.swift */; };
		A4286F0521D20722005E515C /* CollectionBaseTableViewCell.xib in Resources */ = {isa = PBXBuildFile; fileRef = A4286F0321D20722005E515C /* CollectionBaseTableViewCell.xib */; };
		A47141BE21D4D920004AB662 /* ImageCollectionViewCell.swift in Sources */ = {isa = PBXBuildFile; fileRef = A47141BC21D4D920004AB662 /* ImageCollectionViewCell.swift */; };
		A47141BF21D4D920004AB662 /* ImageCollectionViewCell.xib in Resources */ = {isa = PBXBuildFile; fileRef = A47141BD21D4D920004AB662 /* ImageCollectionViewCell.xib */; };
		A476AD4521C8A3E70099D3AE /* AppDelegate.swift in Sources */ = {isa = PBXBuildFile; fileRef = A476AD4421C8A3E70099D3AE /* AppDelegate.swift */; };
		A476AD4721C8A3E70099D3AE /* ViewController.swift in Sources */ = {isa = PBXBuildFile; fileRef = A476AD4621C8A3E70099D3AE /* ViewController.swift */; };
		A476AD4A21C8A3E70099D3AE /* Main.storyboard in Resources */ = {isa = PBXBuildFile; fileRef = A476AD4821C8A3E70099D3AE /* Main.storyboard */; };
		A476AD4C21C8A3E90099D3AE /* Assets.xcassets in Resources */ = {isa = PBXBuildFile; fileRef = A476AD4B21C8A3E90099D3AE /* Assets.xcassets */; };
		A476AD4F21C8A3E90099D3AE /* LaunchScreen.storyboard in Resources */ = {isa = PBXBuildFile; fileRef = A476AD4D21C8A3E90099D3AE /* LaunchScreen.storyboard */; };
		A476AD5821C8BE5D0099D3AE /* PracticeCollectionViewCell.swift in Sources */ = {isa = PBXBuildFile; fileRef = A476AD5621C8BE5D0099D3AE /* PracticeCollectionViewCell.swift */; };
		A476AD5921C8BE5D0099D3AE /* PracticeCollectionViewCell.xib in Resources */ = {isa = PBXBuildFile; fileRef = A476AD5721C8BE5D0099D3AE /* PracticeCollectionViewCell.xib */; };
		A476AD5C21C8DA6B0099D3AE /* PracticeTableViewCell.swift in Sources */ = {isa = PBXBuildFile; fileRef = A476AD5A21C8DA6B0099D3AE /* PracticeTableViewCell.swift */; };
		A476AD5D21C8DA6B0099D3AE /* PracticeTableViewCell.xib in Resources */ = {isa = PBXBuildFile; fileRef = A476AD5B21C8DA6B0099D3AE /* PracticeTableViewCell.xib */; };
		A4F19B7321D3299E00EE9E98 /* KeywordSearchCollectionViewCell.swift in Sources */ = {isa = PBXBuildFile; fileRef = A4F19B7121D3299E00EE9E98 /* KeywordSearchCollectionViewCell.swift */; };
		A4F19B7421D3299E00EE9E98 /* KeywordSearchCollectionViewCell.xib in Resources */ = {isa = PBXBuildFile; fileRef = A4F19B7221D3299E00EE9E98 /* KeywordSearchCollectionViewCell.xib */; };
		A4F19B7621D329C300EE9E98 /* KeywordSearchViewController.swift in Sources */ = {isa = PBXBuildFile; fileRef = A4F19B7521D329C300EE9E98 /* KeywordSearchViewController.swift */; };
		A4F19B7821D3660500EE9E98 /* TabBarViewController.swift in Sources */ = {isa = PBXBuildFile; fileRef = A4F19B7721D3660500EE9E98 /* TabBarViewController.swift */; };
		A4F19B7B21D48D4600EE9E98 /* KeywordSearchPracticeCollectionViewCell.swift in Sources */ = {isa = PBXBuildFile; fileRef = A4F19B7921D48D4500EE9E98 /* KeywordSearchPracticeCollectionViewCell.swift */; };
		A4F19B7C21D48D4600EE9E98 /* KeywordSearchPracticeCollectionViewCell.xib in Resources */ = {isa = PBXBuildFile; fileRef = A4F19B7A21D48D4600EE9E98 /* KeywordSearchPracticeCollectionViewCell.xib */; };
/* End PBXBuildFile section */

/* Begin PBXFileReference section */
		0AA9D24071C54D00F306DFEA /* Pods-CollectionViewPractice.debug.xcconfig */ = {isa = PBXFileReference; includeInIndex = 1; lastKnownFileType = text.xcconfig; name = "Pods-CollectionViewPractice.debug.xcconfig"; path = "Pods/Target Support Files/Pods-CollectionViewPractice/Pods-CollectionViewPractice.debug.xcconfig"; sourceTree = "<group>"; };
		0CCF2BE199D3A6B985150EAE /* Pods_CollectionViewPractice.framework */ = {isa = PBXFileReference; explicitFileType = wrapper.framework; includeInIndex = 0; path = Pods_CollectionViewPractice.framework; sourceTree = BUILT_PRODUCTS_DIR; };
		593D57E935921F8D6C965E35 /* Pods-CollectionViewPractice.release.xcconfig */ = {isa = PBXFileReference; includeInIndex = 1; lastKnownFileType = text.xcconfig; name = "Pods-CollectionViewPractice.release.xcconfig"; path = "Pods/Target Support Files/Pods-CollectionViewPractice/Pods-CollectionViewPractice.release.xcconfig"; sourceTree = "<group>"; };
		A4286F0221D20722005E515C /* CollectionBaseTableViewCell.swift */ = {isa = PBXFileReference; lastKnownFileType = sourcecode.swift; path = CollectionBaseTableViewCell.swift; sourceTree = "<group>"; };
		A4286F0321D20722005E515C /* CollectionBaseTableViewCell.xib */ = {isa = PBXFileReference; lastKnownFileType = file.xib; path = CollectionBaseTableViewCell.xib; sourceTree = "<group>"; };
		A47141BC21D4D920004AB662 /* ImageCollectionViewCell.swift */ = {isa = PBXFileReference; fileEncoding = 4; lastKnownFileType = sourcecode.swift; path = ImageCollectionViewCell.swift; sourceTree = "<group>"; };
		A47141BD21D4D920004AB662 /* ImageCollectionViewCell.xib */ = {isa = PBXFileReference; fileEncoding = 4; lastKnownFileType = file.xib; path = ImageCollectionViewCell.xib; sourceTree = "<group>"; };
		A476AD4121C8A3E70099D3AE /* CollectionViewPractice.app */ = {isa = PBXFileReference; explicitFileType = wrapper.application; includeInIndex = 0; path = CollectionViewPractice.app; sourceTree = BUILT_PRODUCTS_DIR; };
		A476AD4421C8A3E70099D3AE /* AppDelegate.swift */ = {isa = PBXFileReference; lastKnownFileType = sourcecode.swift; path = AppDelegate.swift; sourceTree = "<group>"; };
		A476AD4621C8A3E70099D3AE /* ViewController.swift */ = {isa = PBXFileReference; lastKnownFileType = sourcecode.swift; path = ViewController.swift; sourceTree = "<group>"; };
		A476AD4921C8A3E70099D3AE /* Base */ = {isa = PBXFileReference; lastKnownFileType = file.storyboard; name = Base; path = Base.lproj/Main.storyboard; sourceTree = "<group>"; };
		A476AD4B21C8A3E90099D3AE /* Assets.xcassets */ = {isa = PBXFileReference; lastKnownFileType = folder.assetcatalog; path = Assets.xcassets; sourceTree = "<group>"; };
		A476AD4E21C8A3E90099D3AE /* Base */ = {isa = PBXFileReference; lastKnownFileType = file.storyboard; name = Base; path = Base.lproj/LaunchScreen.storyboard; sourceTree = "<group>"; };
		A476AD5021C8A3E90099D3AE /* Info.plist */ = {isa = PBXFileReference; lastKnownFileType = text.plist.xml; path = Info.plist; sourceTree = "<group>"; };
		A476AD5621C8BE5D0099D3AE /* PracticeCollectionViewCell.swift */ = {isa = PBXFileReference; lastKnownFileType = sourcecode.swift; path = PracticeCollectionViewCell.swift; sourceTree = "<group>"; };
		A476AD5721C8BE5D0099D3AE /* PracticeCollectionViewCell.xib */ = {isa = PBXFileReference; lastKnownFileType = file.xib; path = PracticeCollectionViewCell.xib; sourceTree = "<group>"; };
		A476AD5A21C8DA6B0099D3AE /* PracticeTableViewCell.swift */ = {isa = PBXFileReference; lastKnownFileType = sourcecode.swift; path = PracticeTableViewCell.swift; sourceTree = "<group>"; };
		A476AD5B21C8DA6B0099D3AE /* PracticeTableViewCell.xib */ = {isa = PBXFileReference; lastKnownFileType = file.xib; path = PracticeTableViewCell.xib; sourceTree = "<group>"; };
		A4F19B7121D3299E00EE9E98 /* KeywordSearchCollectionViewCell.swift */ = {isa = PBXFileReference; lastKnownFileType = sourcecode.swift; path = KeywordSearchCollectionViewCell.swift; sourceTree = "<group>"; };
		A4F19B7221D3299E00EE9E98 /* KeywordSearchCollectionViewCell.xib */ = {isa = PBXFileReference; lastKnownFileType = file.xib; path = KeywordSearchCollectionViewCell.xib; sourceTree = "<group>"; };
		A4F19B7521D329C300EE9E98 /* KeywordSearchViewController.swift */ = {isa = PBXFileReference; lastKnownFileType = sourcecode.swift; path = KeywordSearchViewController.swift; sourceTree = "<group>"; };
		A4F19B7721D3660500EE9E98 /* TabBarViewController.swift */ = {isa = PBXFileReference; lastKnownFileType = sourcecode.swift; path = TabBarViewController.swift; sourceTree = "<group>"; };
		A4F19B7921D48D4500EE9E98 /* KeywordSearchPracticeCollectionViewCell.swift */ = {isa = PBXFileReference; lastKnownFileType = sourcecode.swift; path = KeywordSearchPracticeCollectionViewCell.swift; sourceTree = "<group>"; };
		A4F19B7A21D48D4600EE9E98 /* KeywordSearchPracticeCollectionViewCell.xib */ = {isa = PBXFileReference; lastKnownFileType = file.xib; path = KeywordSearchPracticeCollectionViewCell.xib; sourceTree = "<group>"; };
/* End PBXFileReference section */

/* Begin PBXFrameworksBuildPhase section */
		A476AD3E21C8A3E70099D3AE /* Frameworks */ = {
			isa = PBXFrameworksBuildPhase;
			buildActionMask = 2147483647;
			files = (
				8CE5AE9321DCC763DA64FA21 /* Pods_CollectionViewPractice.framework in Frameworks */,
			);
			runOnlyForDeploymentPostprocessing = 0;
		};
/* End PBXFrameworksBuildPhase section */

/* Begin PBXGroup section */
		A476AD3821C8A3E70099D3AE = {
			isa = PBXGroup;
			children = (
				A476AD4321C8A3E70099D3AE /* CollectionViewPractice */,
				A476AD4221C8A3E70099D3AE /* Products */,
				EA4B44DA06FACD773F0BDDA1 /* Pods */,
				E78C88FF9111B55FD4117E26 /* Frameworks */,
			);
			sourceTree = "<group>";
		};
		A476AD4221C8A3E70099D3AE /* Products */ = {
			isa = PBXGroup;
			children = (
				A476AD4121C8A3E70099D3AE /* CollectionViewPractice.app */,
			);
			name = Products;
			sourceTree = "<group>";
		};
		A476AD4321C8A3E70099D3AE /* CollectionViewPractice */ = {
			isa = PBXGroup;
			children = (
				A47141BC21D4D920004AB662 /* ImageCollectionViewCell.swift */,
				A47141BD21D4D920004AB662 /* ImageCollectionViewCell.xib */,
				A476AD4421C8A3E70099D3AE /* AppDelegate.swift */,
				A4F19B7721D3660500EE9E98 /* TabBarViewController.swift */,
				A476AD4621C8A3E70099D3AE /* ViewController.swift */,
				A4286F0221D20722005E515C /* CollectionBaseTableViewCell.swift */,
				A4286F0321D20722005E515C /* CollectionBaseTableViewCell.xib */,
				A476AD4821C8A3E70099D3AE /* Main.storyboard */,
				A476AD5621C8BE5D0099D3AE /* PracticeCollectionViewCell.swift */,
				A476AD5721C8BE5D0099D3AE /* PracticeCollectionViewCell.xib */,
				A476AD4B21C8A3E90099D3AE /* Assets.xcassets */,
				A476AD4D21C8A3E90099D3AE /* LaunchScreen.storyboard */,
				A476AD5021C8A3E90099D3AE /* Info.plist */,
				A476AD5A21C8DA6B0099D3AE /* PracticeTableViewCell.swift */,
				A476AD5B21C8DA6B0099D3AE /* PracticeTableViewCell.xib */,
				A4F19B7121D3299E00EE9E98 /* KeywordSearchCollectionViewCell.swift */,
				A4F19B7221D3299E00EE9E98 /* KeywordSearchCollectionViewCell.xib */,
				A4F19B7921D48D4500EE9E98 /* KeywordSearchPracticeCollectionViewCell.swift */,
				A4F19B7A21D48D4600EE9E98 /* KeywordSearchPracticeCollectionViewCell.xib */,
				A4F19B7521D329C300EE9E98 /* KeywordSearchViewController.swift */,
			);
			path = CollectionViewPractice;
			sourceTree = "<group>";
		};
		E78C88FF9111B55FD4117E26 /* Frameworks */ = {
			isa = PBXGroup;
			children = (
				0CCF2BE199D3A6B985150EAE /* Pods_CollectionViewPractice.framework */,
			);
			name = Frameworks;
			sourceTree = "<group>";
		};
		EA4B44DA06FACD773F0BDDA1 /* Pods */ = {
			isa = PBXGroup;
			children = (
				0AA9D24071C54D00F306DFEA /* Pods-CollectionViewPractice.debug.xcconfig */,
				593D57E935921F8D6C965E35 /* Pods-CollectionViewPractice.release.xcconfig */,
			);
			name = Pods;
			sourceTree = "<group>";
		};
/* End PBXGroup section */

/* Begin PBXNativeTarget section */
		A476AD4021C8A3E70099D3AE /* CollectionViewPractice */ = {
			isa = PBXNativeTarget;
			buildConfigurationList = A476AD5321C8A3E90099D3AE /* Build configuration list for PBXNativeTarget "CollectionViewPractice" */;
			buildPhases = (
				2ECF2B6EF694EB8A6AA82792 /* [CP] Check Pods Manifest.lock */,
				A476AD3D21C8A3E70099D3AE /* Sources */,
				A476AD3E21C8A3E70099D3AE /* Frameworks */,
				A476AD3F21C8A3E70099D3AE /* Resources */,
				143E71EFC743FC394EB759AA /* [CP] Embed Pods Frameworks */,
			);
			buildRules = (
			);
			dependencies = (
			);
			name = CollectionViewPractice;
			productName = CollectionViewPractice;
			productReference = A476AD4121C8A3E70099D3AE /* CollectionViewPractice.app */;
			productType = "com.apple.product-type.application";
		};
/* End PBXNativeTarget section */

/* Begin PBXProject section */
		A476AD3921C8A3E70099D3AE /* Project object */ = {
			isa = PBXProject;
			attributes = {
				LastSwiftUpdateCheck = 1010;
				LastUpgradeCheck = 1010;
				ORGANIZATIONNAME = "藤田和磨";
				TargetAttributes = {
					A476AD4021C8A3E70099D3AE = {
						CreatedOnToolsVersion = 10.1;
					};
				};
			};
			buildConfigurationList = A476AD3C21C8A3E70099D3AE /* Build configuration list for PBXProject "CollectionViewPractice" */;
			compatibilityVersion = "Xcode 9.3";
			developmentRegion = en;
			hasScannedForEncodings = 0;
			knownRegions = (
				en,
				Base,
			);
			mainGroup = A476AD3821C8A3E70099D3AE;
			productRefGroup = A476AD4221C8A3E70099D3AE /* Products */;
			projectDirPath = "";
			projectRoot = "";
			targets = (
				A476AD4021C8A3E70099D3AE /* CollectionViewPractice */,
			);
		};
/* End PBXProject section */

/* Begin PBXResourcesBuildPhase section */
		A476AD3F21C8A3E70099D3AE /* Resources */ = {
			isa = PBXResourcesBuildPhase;
			buildActionMask = 2147483647;
			files = (
				A4286F0521D20722005E515C /* CollectionBaseTableViewCell.xib in Resources */,
				A4F19B7C21D48D4600EE9E98 /* KeywordSearchPracticeCollectionViewCell.xib in Resources */,
				A476AD4F21C8A3E90099D3AE /* LaunchScreen.storyboard in Resources */,
				A476AD5921C8BE5D0099D3AE /* PracticeCollectionViewCell.xib in Resources */,
				A4F19B7421D3299E00EE9E98 /* KeywordSearchCollectionViewCell.xib in Resources */,
				A476AD4C21C8A3E90099D3AE /* Assets.xcassets in Resources */,
				A476AD5D21C8DA6B0099D3AE /* PracticeTableViewCell.xib in Resources */,
				A47141BF21D4D920004AB662 /* ImageCollectionViewCell.xib in Resources */,
				A476AD4A21C8A3E70099D3AE /* Main.storyboard in Resources */,
			);
			runOnlyForDeploymentPostprocessing = 0;
		};
/* End PBXResourcesBuildPhase section */

/* Begin PBXShellScriptBuildPhase section */
		143E71EFC743FC394EB759AA /* [CP] Embed Pods Frameworks */ = {
			isa = PBXShellScriptBuildPhase;
			buildActionMask = 2147483647;
			files = (
			);
			inputFileListPaths = (
			);
			inputPaths = (
				"${SRCROOT}/Pods/Target Support Files/Pods-CollectionViewPractice/Pods-CollectionViewPractice-frameworks.sh",
				"${BUILT_PRODUCTS_DIR}/CHIPageControl/CHIPageControl.framework",
				"${BUILT_PRODUCTS_DIR}/FSPagerView/FSPagerView.framework",
			);
			name = "[CP] Embed Pods Frameworks";
			outputFileListPaths = (
			);
			outputPaths = (
				"${TARGET_BUILD_DIR}/${FRAMEWORKS_FOLDER_PATH}/CHIPageControl.framework",
				"${TARGET_BUILD_DIR}/${FRAMEWORKS_FOLDER_PATH}/FSPagerView.framework",
			);
			runOnlyForDeploymentPostprocessing = 0;
			shellPath = /bin/sh;
			shellScript = "\"${SRCROOT}/Pods/Target Support Files/Pods-CollectionViewPractice/Pods-CollectionViewPractice-frameworks.sh\"\n";
			showEnvVarsInLog = 0;
		};
		2ECF2B6EF694EB8A6AA82792 /* [CP] Check Pods Manifest.lock */ = {
			isa = PBXShellScriptBuildPhase;
			buildActionMask = 2147483647;
			files = (
			);
			inputFileListPaths = (
			);
			inputPaths = (
				"${PODS_PODFILE_DIR_PATH}/Podfile.lock",
				"${PODS_ROOT}/Manifest.lock",
			);
			name = "[CP] Check Pods Manifest.lock";
			outputFileListPaths = (
			);
			outputPaths = (
				"$(DERIVED_FILE_DIR)/Pods-CollectionViewPractice-checkManifestLockResult.txt",
			);
			runOnlyForDeploymentPostprocessing = 0;
			shellPath = /bin/sh;
			shellScript = "diff \"${PODS_PODFILE_DIR_PATH}/Podfile.lock\" \"${PODS_ROOT}/Manifest.lock\" > /dev/null\nif [ $? != 0 ] ; then\n    # print error to STDERR\n    echo \"error: The sandbox is not in sync with the Podfile.lock. Run 'pod install' or update your CocoaPods installation.\" >&2\n    exit 1\nfi\n# This output is used by Xcode 'outputs' to avoid re-running this script phase.\necho \"SUCCESS\" > \"${SCRIPT_OUTPUT_FILE_0}\"\n";
			showEnvVarsInLog = 0;
		};
/* End PBXShellScriptBuildPhase section */

/* Begin PBXSourcesBuildPhase section */
		A476AD3D21C8A3E70099D3AE /* Sources */ = {
			isa = PBXSourcesBuildPhase;
			buildActionMask = 2147483647;
			files = (
				A4F19B7821D3660500EE9E98 /* TabBarViewController.swift in Sources */,
				A4F19B7621D329C300EE9E98 /* KeywordSearchViewController.swift in Sources */,
				A4F19B7B21D48D4600EE9E98 /* KeywordSearchPracticeCollectionViewCell.swift in Sources */,
				A476AD5C21C8DA6B0099D3AE /* PracticeTableViewCell.swift in Sources */,
				A4286F0421D20722005E515C /* CollectionBaseTableViewCell.swift in Sources */,
				A476AD4721C8A3E70099D3AE /* ViewController.swift in Sources */,
				A47141BE21D4D920004AB662 /* ImageCollectionViewCell.swift in Sources */,
				A476AD4521C8A3E70099D3AE /* AppDelegate.swift in Sources */,
				A4F19B7321D3299E00EE9E98 /* KeywordSearchCollectionViewCell.swift in Sources */,
				A476AD5821C8BE5D0099D3AE /* PracticeCollectionViewCell.swift in Sources */,
			);
			runOnlyForDeploymentPostprocessing = 0;
		};
/* End PBXSourcesBuildPhase section */

/* Begin PBXVariantGroup section */
		A476AD4821C8A3E70099D3AE /* Main.storyboard */ = {
			isa = PBXVariantGroup;
			children = (
				A476AD4921C8A3E70099D3AE /* Base */,
			);
			name = Main.storyboard;
			sourceTree = "<group>";
		};
		A476AD4D21C8A3E90099D3AE /* LaunchScreen.storyboard */ = {
			isa = PBXVariantGroup;
			children = (
				A476AD4E21C8A3E90099D3AE /* Base */,
			);
			name = LaunchScreen.storyboard;
			sourceTree = "<group>";
		};
/* End PBXVariantGroup section */

/* Begin XCBuildConfiguration section */
		A476AD5121C8A3E90099D3AE /* Debug */ = {
			isa = XCBuildConfiguration;
			buildSettings = {
				ALWAYS_SEARCH_USER_PATHS = NO;
				CLANG_ANALYZER_NONNULL = YES;
				CLANG_ANALYZER_NUMBER_OBJECT_CONVERSION = YES_AGGRESSIVE;
				CLANG_CXX_LANGUAGE_STANDARD = "gnu++14";
				CLANG_CXX_LIBRARY = "libc++";
				CLANG_ENABLE_MODULES = YES;
				CLANG_ENABLE_OBJC_ARC = YES;
				CLANG_ENABLE_OBJC_WEAK = YES;
				CLANG_WARN_BLOCK_CAPTURE_AUTORELEASING = YES;
				CLANG_WARN_BOOL_CONVERSION = YES;
				CLANG_WARN_COMMA = YES;
				CLANG_WARN_CONSTANT_CONVERSION = YES;
				CLANG_WARN_DEPRECATED_OBJC_IMPLEMENTATIONS = YES;
				CLANG_WARN_DIRECT_OBJC_ISA_USAGE = YES_ERROR;
				CLANG_WARN_DOCUMENTATION_COMMENTS = YES;
				CLANG_WARN_EMPTY_BODY = YES;
				CLANG_WARN_ENUM_CONVERSION = YES;
				CLANG_WARN_INFINITE_RECURSION = YES;
				CLANG_WARN_INT_CONVERSION = YES;
				CLANG_WARN_NON_LITERAL_NULL_CONVERSION = YES;
				CLANG_WARN_OBJC_IMPLICIT_RETAIN_SELF = YES;
				CLANG_WARN_OBJC_LITERAL_CONVERSION = YES;
				CLANG_WARN_OBJC_ROOT_CLASS = YES_ERROR;
				CLANG_WARN_RANGE_LOOP_ANALYSIS = YES;
				CLANG_WARN_STRICT_PROTOTYPES = YES;
				CLANG_WARN_SUSPICIOUS_MOVE = YES;
				CLANG_WARN_UNGUARDED_AVAILABILITY = YES_AGGRESSIVE;
				CLANG_WARN_UNREACHABLE_CODE = YES;
				CLANG_WARN__DUPLICATE_METHOD_MATCH = YES;
				CODE_SIGN_IDENTITY = "iPhone Developer";
				COPY_PHASE_STRIP = NO;
				DEBUG_INFORMATION_FORMAT = dwarf;
				ENABLE_STRICT_OBJC_MSGSEND = YES;
				ENABLE_TESTABILITY = YES;
				GCC_C_LANGUAGE_STANDARD = gnu11;
				GCC_DYNAMIC_NO_PIC = NO;
				GCC_NO_COMMON_BLOCKS = YES;
				GCC_OPTIMIZATION_LEVEL = 0;
				GCC_PREPROCESSOR_DEFINITIONS = (
					"DEBUG=1",
					"$(inherited)",
				);
				GCC_WARN_64_TO_32_BIT_CONVERSION = YES;
				GCC_WARN_ABOUT_RETURN_TYPE = YES_ERROR;
				GCC_WARN_UNDECLARED_SELECTOR = YES;
				GCC_WARN_UNINITIALIZED_AUTOS = YES_AGGRESSIVE;
				GCC_WARN_UNUSED_FUNCTION = YES;
				GCC_WARN_UNUSED_VARIABLE = YES;
				IPHONEOS_DEPLOYMENT_TARGET = 12.1;
				MTL_ENABLE_DEBUG_INFO = INCLUDE_SOURCE;
				MTL_FAST_MATH = YES;
				ONLY_ACTIVE_ARCH = YES;
				SDKROOT = iphoneos;
				SWIFT_ACTIVE_COMPILATION_CONDITIONS = DEBUG;
				SWIFT_OPTIMIZATION_LEVEL = "-Onone";
			};
			name = Debug;
		};
		A476AD5221C8A3E90099D3AE /* Release */ = {
			isa = XCBuildConfiguration;
			buildSettings = {
				ALWAYS_SEARCH_USER_PATHS = NO;
				CLANG_ANALYZER_NONNULL = YES;
				CLANG_ANALYZER_NUMBER_OBJECT_CONVERSION = YES_AGGRESSIVE;
				CLANG_CXX_LANGUAGE_STANDARD = "gnu++14";
				CLANG_CXX_LIBRARY = "libc++";
				CLANG_ENABLE_MODULES = YES;
				CLANG_ENABLE_OBJC_ARC = YES;
				CLANG_ENABLE_OBJC_WEAK = YES;
				CLANG_WARN_BLOCK_CAPTURE_AUTORELEASING = YES;
				CLANG_WARN_BOOL_CONVERSION = YES;
				CLANG_WARN_COMMA = YES;
				CLANG_WARN_CONSTANT_CONVERSION = YES;
				CLANG_WARN_DEPRECATED_OBJC_IMPLEMENTATIONS = YES;
				CLANG_WARN_DIRECT_OBJC_ISA_USAGE = YES_ERROR;
				CLANG_WARN_DOCUMENTATION_COMMENTS = YES;
				CLANG_WARN_EMPTY_BODY = YES;
				CLANG_WARN_ENUM_CONVERSION = YES;
				CLANG_WARN_INFINITE_RECURSION = YES;
				CLANG_WARN_INT_CONVERSION = YES;
				CLANG_WARN_NON_LITERAL_NULL_CONVERSION = YES;
				CLANG_WARN_OBJC_IMPLICIT_RETAIN_SELF = YES;
				CLANG_WARN_OBJC_LITERAL_CONVERSION = YES;
				CLANG_WARN_OBJC_ROOT_CLASS = YES_ERROR;
				CLANG_WARN_RANGE_LOOP_ANALYSIS = YES;
				CLANG_WARN_STRICT_PROTOTYPES = YES;
				CLANG_WARN_SUSPICIOUS_MOVE = YES;
				CLANG_WARN_UNGUARDED_AVAILABILITY = YES_AGGRESSIVE;
				CLANG_WARN_UNREACHABLE_CODE = YES;
				CLANG_WARN__DUPLICATE_METHOD_MATCH = YES;
				CODE_SIGN_IDENTITY = "iPhone Developer";
				COPY_PHASE_STRIP = NO;
				DEBUG_INFORMATION_FORMAT = "dwarf-with-dsym";
				ENABLE_NS_ASSERTIONS = NO;
				ENABLE_STRICT_OBJC_MSGSEND = YES;
				GCC_C_LANGUAGE_STANDARD = gnu11;
				GCC_NO_COMMON_BLOCKS = YES;
				GCC_WARN_64_TO_32_BIT_CONVERSION = YES;
				GCC_WARN_ABOUT_RETURN_TYPE = YES_ERROR;
				GCC_WARN_UNDECLARED_SELECTOR = YES;
				GCC_WARN_UNINITIALIZED_AUTOS = YES_AGGRESSIVE;
				GCC_WARN_UNUSED_FUNCTION = YES;
				GCC_WARN_UNUSED_VARIABLE = YES;
				IPHONEOS_DEPLOYMENT_TARGET = 12.1;
				MTL_ENABLE_DEBUG_INFO = NO;
				MTL_FAST_MATH = YES;
				SDKROOT = iphoneos;
				SWIFT_COMPILATION_MODE = wholemodule;
				SWIFT_OPTIMIZATION_LEVEL = "-O";
				VALIDATE_PRODUCT = YES;
			};
			name = Release;
		};
		A476AD5421C8A3E90099D3AE /* Debug */ = {
			isa = XCBuildConfiguration;
			baseConfigurationReference = 0AA9D24071C54D00F306DFEA /* Pods-CollectionViewPractice.debug.xcconfig */;
			buildSettings = {
				ASSETCATALOG_COMPILER_APPICON_NAME = AppIcon;
				CODE_SIGN_STYLE = Automatic;
				DEVELOPMENT_TEAM = WK7LW3JQ6K;
				INFOPLIST_FILE = CollectionViewPractice/Info.plist;
				LD_RUNPATH_SEARCH_PATHS = (
					"$(inherited)",
					"@executable_path/Frameworks",
				);
				PRODUCT_BUNDLE_IDENTIFIER = jp.co.genova.kazuma.fujita.CollectionViewPractice;
				PRODUCT_NAME = "$(TARGET_NAME)";
				SWIFT_VERSION = 4.2;
				TARGETED_DEVICE_FAMILY = "1,2";
			};
			name = Debug;
		};
		A476AD5521C8A3E90099D3AE /* Release */ = {
			isa = XCBuildConfiguration;
			baseConfigurationReference = 593D57E935921F8D6C965E35 /* Pods-CollectionViewPractice.release.xcconfig */;
			buildSettings = {
				ASSETCATALOG_COMPILER_APPICON_NAME = AppIcon;
				CODE_SIGN_STYLE = Automatic;
				DEVELOPMENT_TEAM = WK7LW3JQ6K;
				INFOPLIST_FILE = CollectionViewPractice/Info.plist;
				LD_RUNPATH_SEARCH_PATHS = (
					"$(inherited)",
					"@executable_path/Frameworks",
				);
				PRODUCT_BUNDLE_IDENTIFIER = jp.co.genova.kazuma.fujita.CollectionViewPractice;
				PRODUCT_NAME = "$(TARGET_NAME)";
				SWIFT_VERSION = 4.2;
				TARGETED_DEVICE_FAMILY = "1,2";
			};
			name = Release;
		};
/* End XCBuildConfiguration section */

/* Begin XCConfigurationList section */
		A476AD3C21C8A3E70099D3AE /* Build configuration list for PBXProject "CollectionViewPractice" */ = {
			isa = XCConfigurationList;
			buildConfigurations = (
				A476AD5121C8A3E90099D3AE /* Debug */,
				A476AD5221C8A3E90099D3AE /* Release */,
			);
			defaultConfigurationIsVisible = 0;
			defaultConfigurationName = Release;
		};
		A476AD5321C8A3E90099D3AE /* Build configuration list for PBXNativeTarget "CollectionViewPractice" */ = {
			isa = XCConfigurationList;
			buildConfigurations = (
				A476AD5421C8A3E90099D3AE /* Debug */,
				A476AD5521C8A3E90099D3AE /* Release */,
			);
			defaultConfigurationIsVisible = 0;
			defaultConfigurationName = Release;
		};
/* End XCConfigurationList section */
	};
	rootObject = A476AD3921C8A3E70099D3AE /* Project object */;
}
